
Microsoft Visual Studio Solution File, Format Version 12.00
# Visual Studio Version 17
VisualStudioVersion = 17.14.36811.4 d17.14
MinimumVisualStudioVersion = 10.0.40219.1
Project("{FAE04EC0-301F-11D3-BF4B-00C04F79EFBC}") = "TestList", "TestList\TestList.csproj", "{31A79A8D-D348-4582-ABA3-251C76261993}"
EndProject
Global
	GlobalSection(SolutionConfigurationPlatforms) = preSolution
		Debug|Any CPU = Debug|Any CPU
		Release|Any CPU = Release|Any CPU
	EndGlobalSection
	GlobalSection(ProjectConfigurationPlatforms) = postSolution
		{31A79A8D-D348-4582-ABA3-251C76261993}.Debug|Any CPU.ActiveCfg = Debug|Any CPU
		{31A79A8D-D348-4582-ABA3-251C76261993}.Debug|Any CPU.Build.0 = Debug|Any CPU
		{31A79A8D-D348-4582-ABA3-251C76261993}.Release|Any CPU.ActiveCfg = Release|Any CPU
		{31A79A8D-D348-4582-ABA3-251C76261993}.Release|Any CPU.Build.0 = Release|Any CPU
	EndGlobalSection
	GlobalSection(SolutionProperties) = preSolution
		HideSolutionNode = FALSE
	EndGlobalSection
	GlobalSection(ExtensibilityGlobals) = postSolution
		SolutionGuid = {CC75838B-129B-4854-96E4-E47FE45B0757}
	EndGlobalSection
EndGlobal
